
Microsoft Visual Studio Solution File, Format Version 12.00
# Visual Studio Version 16
VisualStudioVersion = 16.0.30611.23
MinimumVisualStudioVersion = 10.0.40219.1
Project("{FAE04EC0-301F-11D3-BF4B-00C04F79EFBC}") = "WebSite24", "WebSite24\WebSite24.csproj", "{9A1C4F87-E92E-46E5-9D90-B2ACBAD4522C}"
EndProject
Global
	GlobalSection(SolutionConfigurationPlatforms) = preSolution
		Debug|Any CPU = Debug|Any CPU
		Release|Any CPU = Release|Any CPU
	EndGlobalSection
	GlobalSection(ProjectConfigurationPlatforms) = postSolution
		{9A1C4F87-E92E-46E5-9D90-B2ACBAD4522C}.Debug|Any CPU.ActiveCfg = Debug|Any CPU
		{9A1C4F87-E92E-46E5-9D90-B2ACBAD4522C}.Debug|Any CPU.Build.0 = Debug|Any CPU
		{9A1C4F87-E92E-46E5-9D90-B2ACBAD4522C}.Release|Any CPU.ActiveCfg = Release|Any CPU
		{9A1C4F87-E92E-46E5-9D90-B2ACBAD4522C}.Release|Any CPU.Build.0 = Release|Any CPU
	EndGlobalSection
	GlobalSection(SolutionProperties) = preSolution
		HideSolutionNode = FALSE
	EndGlobalSection
	GlobalSection(ExtensibilityGlobals) = postSolution
		SolutionGuid = {950B7405-2AE0-4B08-B4EE-834B182C9D5C}
	EndGlobalSection
EndGlobal
